
Microsoft Visual Studio Solution File, Format Version 12.00
# Visual Studio 2012
Project("{FAE04EC0-301F-11D3-BF4B-00C04F79EFBC}") = "WcfTester", "WcfTester\WcfTester.csproj", "{AA8A5590-FEE2-4D37-8F8B-20F268F22BD1}"
EndProject
Global
	GlobalSection(SolutionConfigurationPlatforms) = preSolution
		Debug|Any CPU = Debug|Any CPU
		Release|Any CPU = Release|Any CPU
	EndGlobalSection
	GlobalSection(ProjectConfigurationPlatforms) = postSolution
		{AA8A5590-FEE2-4D37-8F8B-20F268F22BD1}.Debug|Any CPU.ActiveCfg = Debug|Any CPU
		{AA8A5590-FEE2-4D37-8F8B-20F268F22BD1}.Debug|Any CPU.Build.0 = Debug|Any CPU
		{AA8A5590-FEE2-4D37-8F8B-20F268F22BD1}.Release|Any CPU.ActiveCfg = Release|Any CPU
		{AA8A5590-FEE2-4D37-8F8B-20F268F22BD1}.Release|Any CPU.Build.0 = Release|Any CPU
	EndGlobalSection
	GlobalSection(SolutionProperties) = preSolution
		HideSolutionNode = FALSE
	EndGlobalSection
EndGlobal
