
Microsoft Visual Studio Solution File, Format Version 12.00
# Visual Studio 2012
Project("{FAE04EC0-301F-11D3-BF4B-00C04F79EFBC}") = "BLL", "BLL\BLL.csproj", "{21205F33-94CB-4686-BC35-93111E3A9067}"
EndProject
Project("{FAE04EC0-301F-11D3-BF4B-00C04F79EFBC}") = "BusinessTest", "BusinessTest\BusinessTest.csproj", "{BAA15F10-125A-43BC-A37F-66A406D80D46}"
EndProject
Project("{2150E333-8FDC-42A3-9474-1A3956D46DE8}") = ".nuget", ".nuget", "{3322D946-6522-44EC-A660-F5A461B2D51F}"
	ProjectSection(SolutionItems) = preProject
		.nuget\NuGet.Config = .nuget\NuGet.Config
		.nuget\NuGet.exe = .nuget\NuGet.exe
		.nuget\NuGet.targets = .nuget\NuGet.targets
	EndProjectSection
EndProject
Global
	GlobalSection(SolutionConfigurationPlatforms) = preSolution
		Debug|Any CPU = Debug|Any CPU
		Release|Any CPU = Release|Any CPU
	EndGlobalSection
	GlobalSection(ProjectConfigurationPlatforms) = postSolution
		{21205F33-94CB-4686-BC35-93111E3A9067}.Debug|Any CPU.ActiveCfg = Debug|Any CPU
		{21205F33-94CB-4686-BC35-93111E3A9067}.Debug|Any CPU.Build.0 = Debug|Any CPU
		{21205F33-94CB-4686-BC35-93111E3A9067}.Release|Any CPU.ActiveCfg = Release|Any CPU
		{21205F33-94CB-4686-BC35-93111E3A9067}.Release|Any CPU.Build.0 = Release|Any CPU
		{BAA15F10-125A-43BC-A37F-66A406D80D46}.Debug|Any CPU.ActiveCfg = Debug|Any CPU
		{BAA15F10-125A-43BC-A37F-66A406D80D46}.Debug|Any CPU.Build.0 = Debug|Any CPU
		{BAA15F10-125A-43BC-A37F-66A406D80D46}.Release|Any CPU.ActiveCfg = Release|Any CPU
		{BAA15F10-125A-43BC-A37F-66A406D80D46}.Release|Any CPU.Build.0 = Release|Any CPU
	EndGlobalSection
	GlobalSection(SolutionProperties) = preSolution
		HideSolutionNode = FALSE
	EndGlobalSection
EndGlobal
